
Microsoft Visual Studio Solution File, Format Version 12.00
# Visual Studio Version 16
VisualStudioVersion = 16.0.31828.109
MinimumVisualStudioVersion = 10.0.40219.1
Project("{FAE04EC0-301F-11D3-BF4B-00C04F79EFBC}") = "IPSAlyzer_v1", "IPSAlyzer_v1.csproj", "{182CD4AC-3F1D-4FD8-8274-2FC0F342EBE1}"
EndProject
Project("{FAE04EC0-301F-11D3-BF4B-00C04F79EFBC}") = "IPSAlyzer_v1.Tests", "..\IPSAlyzer_v1.Tests\IPSAlyzer_v1.Tests.csproj", "{30021E18-7C4E-4E4B-A07A-19BD699047F2}"
EndProject
Global
	GlobalSection(SolutionConfigurationPlatforms) = preSolution
		Debug|Any CPU = Debug|Any CPU
		Release|Any CPU = Release|Any CPU
	EndGlobalSection
	GlobalSection(ProjectConfigurationPlatforms) = postSolution
		{182CD4AC-3F1D-4FD8-8274-2FC0F342EBE1}.Debug|Any CPU.ActiveCfg = Debug|Any CPU
		{182CD4AC-3F1D-4FD8-8274-2FC0F342EBE1}.Debug|Any CPU.Build.0 = Debug|Any CPU
		{182CD4AC-3F1D-4FD8-8274-2FC0F342EBE1}.Release|Any CPU.ActiveCfg = Release|Any CPU
		{182CD4AC-3F1D-4FD8-8274-2FC0F342EBE1}.Release|Any CPU.Build.0 = Release|Any CPU
		{30021E18-7C4E-4E4B-A07A-19BD699047F2}.Debug|Any CPU.ActiveCfg = Debug|Any CPU
		{30021E18-7C4E-4E4B-A07A-19BD699047F2}.Debug|Any CPU.Build.0 = Debug|Any CPU
		{30021E18-7C4E-4E4B-A07A-19BD699047F2}.Release|Any CPU.ActiveCfg = Release|Any CPU
		{30021E18-7C4E-4E4B-A07A-19BD699047F2}.Release|Any CPU.Build.0 = Release|Any CPU
	EndGlobalSection
	GlobalSection(SolutionProperties) = preSolution
		HideSolutionNode = FALSE
	EndGlobalSection
	GlobalSection(ExtensibilityGlobals) = postSolution
		SolutionGuid = {F40E8D66-C22F-46DC-B21F-6355A26B1822}
	EndGlobalSection
EndGlobal
